// !$*UTF8*$!
{
	archiveVersion = 1;
	classes = {
	};
	objectVersion = 50;
	objects = {

/* Begin PBXBuildFile section */
		1869BAD922C26E4100F24998 /* AppDelegate.swift in Sources */ = {isa = PBXBuildFile; fileRef = 1869BAD822C26E4100F24998 /* AppDelegate.swift */; };
		1869BADE22C26E4100F24998 /* Main.storyboard in Resources */ = {isa = PBXBuildFile; fileRef = 1869BADC22C26E4100F24998 /* Main.storyboard */; };
		1869BAE122C26E4100F24998 /* view_finder_citlally.xcdatamodeld in Sources */ = {isa = PBXBuildFile; fileRef = 1869BADF22C26E4100F24998 /* view_finder_citlally.xcdatamodeld */; };
		1869BAE322C26E4300F24998 /* Assets.xcassets in Resources */ = {isa = PBXBuildFile; fileRef = 1869BAE222C26E4300F24998 /* Assets.xcassets */; };
		1869BAE622C26E4300F24998 /* LaunchScreen.storyboard in Resources */ = {isa = PBXBuildFile; fileRef = 1869BAE422C26E4300F24998 /* LaunchScreen.storyboard */; };
/* End PBXBuildFile section */

/* Begin PBXFileReference section */
		1869BAD522C26E4100F24998 /* view_finder_citlally.app */ = {isa = PBXFileReference; explicitFileType = wrapper.application; includeInIndex = 0; path = view_finder_citlally.app; sourceTree = BUILT_PRODUCTS_DIR; };
		1869BAD822C26E4100F24998 /* AppDelegate.swift */ = {isa = PBXFileReference; lastKnownFileType = sourcecode.swift; path = AppDelegate.swift; sourceTree = "<group>"; };
		1869BADD22C26E4100F24998 /* Base */ = {isa = PBXFileReference; lastKnownFileType = file.storyboard; name = Base; path = Base.lproj/Main.storyboard; sourceTree = "<group>"; };
		1869BAE022C26E4100F24998 /* view_finder_citlally.xcdatamodel */ = {isa = PBXFileReference; lastKnownFileType = wrapper.xcdatamodel; path = view_finder_citlally.xcdatamodel; sourceTree = "<group>"; };
		1869BAE222C26E4300F24998 /* Assets.xcassets */ = {isa = PBXFileReference; lastKnownFileType = folder.assetcatalog; path = Assets.xcassets; sourceTree = "<group>"; };
		1869BAE522C26E4300F24998 /* Base */ = {isa = PBXFileReference; lastKnownFileType = file.storyboard; name = Base; path = Base.lproj/LaunchScreen.storyboard; sourceTree = "<group>"; };
		1869BAE722C26E4300F24998 /* Info.plist */ = {isa = PBXFileReference; lastKnownFileType = text.plist.xml; path = Info.plist; sourceTree = "<group>"; };
/* End PBXFileReference section */

/* Begin PBXFrameworksBuildPhase section */
		1869BAD222C26E4100F24998 /* Frameworks */ = {
			isa = PBXFrameworksBuildPhase;
			buildActionMask = 2147483647;
			files = (
			);
			runOnlyForDeploymentPostprocessing = 0;
		};
/* End PBXFrameworksBuildPhase section */

/* Begin PBXGroup section */
		1869BACC22C26E4100F24998 = {
			isa = PBXGroup;
			children = (
				1869BAD722C26E4100F24998 /* view_finder_citlally */,
				1869BAD622C26E4100F24998 /* Products */,
			);
			sourceTree = "<group>";
		};
		1869BAD622C26E4100F24998 /* Products */ = {
			isa = PBXGroup;
			children = (
				1869BAD522C26E4100F24998 /* view_finder_citlally.app */,
			);
			name = Products;
			sourceTree = "<group>";
		};
		1869BAD722C26E4100F24998 /* view_finder_citlally */ = {
			isa = PBXGroup;
			children = (
				1869BAD822C26E4100F24998 /* AppDelegate.swift */,
				1869BADC22C26E4100F24998 /* Main.storyboard */,
				1869BAE222C26E4300F24998 /* Assets.xcassets */,
				1869BAE422C26E4300F24998 /* LaunchScreen.storyboard */,
				1869BAE722C26E4300F24998 /* Info.plist */,
				1869BADF22C26E4100F24998 /* view_finder_citlally.xcdatamodeld */,
			);
			path = view_finder_citlally;
			sourceTree = "<group>";
		};
/* End PBXGroup section */

/* Begin PBXNativeTarget section */
		1869BAD422C26E4100F24998 /* view_finder_citlally */ = {
			isa = PBXNativeTarget;
			buildConfigurationList = 1869BAEA22C26E4300F24998 /* Build configuration list for PBXNativeTarget "view_finder_citlally" */;
			buildPhases = (
				1869BAD122C26E4100F24998 /* Sources */,
				1869BAD222C26E4100F24998 /* Frameworks */,
				1869BAD322C26E4100F24998 /* Resources */,
			);
			buildRules = (
			);
			dependencies = (
			);
			name = view_finder_citlally;
			productName = view_finder_citlally;
			productReference = 1869BAD522C26E4100F24998 /* view_finder_citlally.app */;
			productType = "com.apple.product-type.application";
		};
/* End PBXNativeTarget section */

/* Begin PBXProject section */
		1869BACD22C26E4100F24998 /* Project object */ = {
			isa = PBXProject;
			attributes = {
				LastSwiftUpdateCheck = 1020;
				LastUpgradeCheck = 1020;
				ORGANIZATIONNAME = "Citlally Ruiz";
				TargetAttributes = {
					1869BAD422C26E4100F24998 = {
						CreatedOnToolsVersion = 10.2.1;
					};
				};
			};
			buildConfigurationList = 1869BAD022C26E4100F24998 /* Build configuration list for PBXProject "view_finder_citlally" */;
			compatibilityVersion = "Xcode 9.3";
			developmentRegion = en;
			hasScannedForEncodings = 0;
			knownRegions = (
				en,
				Base,
			);
			mainGroup = 1869BACC22C26E4100F24998;
			productRefGroup = 1869BAD622C26E4100F24998 /* Products */;
			projectDirPath = "";
			projectRoot = "";
			targets = (
				1869BAD422C26E4100F24998 /* view_finder_citlally */,
			);
		};
/* End PBXProject section */

/* Begin PBXResourcesBuildPhase section */
		1869BAD322C26E4100F24998 /* Resources */ = {
			isa = PBXResourcesBuildPhase;
			buildActionMask = 2147483647;
			files = (
				1869BAE622C26E4300F24998 /* LaunchScreen.storyboard in Resources */,
				1869BAE322C26E4300F24998 /* Assets.xcassets in Resources */,
				1869BADE22C26E4100F24998 /* Main.storyboard in Resources */,
			);
			runOnlyForDeploymentPostprocessing = 0;
		};
/* End PBXResourcesBuildPhase section */

/* Begin PBXSourcesBuildPhase section */
		1869BAD122C26E4100F24998 /* Sources */ = {
			isa = PBXSourcesBuildPhase;
			buildActionMask = 2147483647;
			files = (
				1869BAD922C26E4100F24998 /* AppDelegate.swift in Sources */,
				1869BAE122C26E4100F24998 /* view_finder_citlally.xcdatamodeld in Sources */,
			);
			runOnlyForDeploymentPostprocessing = 0;
		};
/* End PBXSourcesBuildPhase section */

/* Begin PBXVariantGroup section */
		1869BADC22C26E4100F24998 /* Main.storyboard */ = {
			isa = PBXVariantGroup;
			children = (
				1869BADD22C26E4100F24998 /* Base */,
			);
			name = Main.storyboard;
			sourceTree = "<group>";
		};
		1869BAE422C26E4300F24998 /* LaunchScreen.storyboard */ = {
			isa = PBXVariantGroup;
			children = (
				1869BAE522C26E4300F24998 /* Base */,
			);
			name = LaunchScreen.storyboard;
			sourceTree = "<group>";
		};
/* End PBXVariantGroup section */

/* Begin XCBuildConfiguration section */
		1869BAE822C26E4300F24998 /* Debug */ = {
			isa = XCBuildConfiguration;
			buildSettings = {
				ALWAYS_SEARCH_USER_PATHS = NO;
				CLANG_ANALYZER_NONNULL = YES;
				CLANG_ANALYZER_NUMBER_OBJECT_CONVERSION = YES_AGGRESSIVE;
				CLANG_CXX_LANGUAGE_STANDARD = "gnu++14";
				CLANG_CXX_LIBRARY = "libc++";
				CLANG_ENABLE_MODULES = YES;
				CLANG_ENABLE_OBJC_ARC = YES;
				CLANG_ENABLE_OBJC_WEAK = YES;
				CLANG_WARN_BLOCK_CAPTURE_AUTORELEASING = YES;
				CLANG_WARN_BOOL_CONVERSION = YES;
				CLANG_WARN_COMMA = YES;
				CLANG_WARN_CONSTANT_CONVERSION = YES;
				CLANG_WARN_DEPRECATED_OBJC_IMPLEMENTATIONS = YES;
				CLANG_WARN_DIRECT_OBJC_ISA_USAGE = YES_ERROR;
				CLANG_WARN_DOCUMENTATION_COMMENTS = YES;
				CLANG_WARN_EMPTY_BODY = YES;
				CLANG_WARN_ENUM_CONVERSION = YES;
				CLANG_WARN_INFINITE_RECURSION = YES;
				CLANG_WARN_INT_CONVERSION = YES;
				CLANG_WARN_NON_LITERAL_NULL_CONVERSION = YES;
				CLANG_WARN_OBJC_IMPLICIT_RETAIN_SELF = YES;
				CLANG_WARN_OBJC_LITERAL_CONVERSION = YES;
				CLANG_WARN_OBJC_ROOT_CLASS = YES_ERROR;
				CLANG_WARN_RANGE_LOOP_ANALYSIS = YES;
				CLANG_WARN_STRICT_PROTOTYPES = YES;
				CLANG_WARN_SUSPICIOUS_MOVE = YES;
				CLANG_WARN_UNGUARDED_AVAILABILITY = YES_AGGRESSIVE;
				CLANG_WARN_UNREACHABLE_CODE = YES;
				CLANG_WARN__DUPLICATE_METHOD_MATCH = YES;
				CODE_SIGN_IDENTITY = "iPhone Developer";
				COPY_PHASE_STRIP = NO;
				DEBUG_INFORMATION_FORMAT = dwarf;
				ENABLE_STRICT_OBJC_MSGSEND = YES;
				ENABLE_TESTABILITY = YES;
				GCC_C_LANGUAGE_STANDARD = gnu11;
				GCC_DYNAMIC_NO_PIC = NO;
				GCC_NO_COMMON_BLOCKS = YES;
				GCC_OPTIMIZATION_LEVEL = 0;
				GCC_PREPROCESSOR_DEFINITIONS = (
					"DEBUG=1",
					"$(inherited)",
				);
				GCC_WARN_64_TO_32_BIT_CONVERSION = YES;
				GCC_WARN_ABOUT_RETURN_TYPE = YES_ERROR;
				GCC_WARN_UNDECLARED_SELECTOR = YES;
				GCC_WARN_UNINITIALIZED_AUTOS = YES_AGGRESSIVE;
				GCC_WARN_UNUSED_FUNCTION = YES;
				GCC_WARN_UNUSED_VARIABLE = YES;
				IPHONEOS_DEPLOYMENT_TARGET = 12.2;
				MTL_ENABLE_DEBUG_INFO = INCLUDE_SOURCE;
				MTL_FAST_MATH = YES;
				ONLY_ACTIVE_ARCH = YES;
				SDKROOT = iphoneos;
				SWIFT_ACTIVE_COMPILATION_CONDITIONS = DEBUG;
				SWIFT_OPTIMIZATION_LEVEL = "-Onone";
			};
			name = Debug;
		};
		1869BAE922C26E4300F24998 /* Release */ = {
			isa = XCBuildConfiguration;
			buildSettings = {
				ALWAYS_SEARCH_USER_PATHS = NO;
				CLANG_ANALYZER_NONNULL = YES;
				CLANG_ANALYZER_NUMBER_OBJECT_CONVERSION = YES_AGGRESSIVE;
				CLANG_CXX_LANGUAGE_STANDARD = "gnu++14";
				CLANG_CXX_LIBRARY = "libc++";
				CLANG_ENABLE_MODULES = YES;
				CLANG_ENABLE_OBJC_ARC = YES;
				CLANG_ENABLE_OBJC_WEAK = YES;
				CLANG_WARN_BLOCK_CAPTURE_AUTORELEASING = YES;
				CLANG_WARN_BOOL_CONVERSION = YES;
				CLANG_WARN_COMMA = YES;
				CLANG_WARN_CONSTANT_CONVERSION = YES;
				CLANG_WARN_DEPRECATED_OBJC_IMPLEMENTATIONS = YES;
				CLANG_WARN_DIRECT_OBJC_ISA_USAGE = YES_ERROR;
				CLANG_WARN_DOCUMENTATION_COMMENTS = YES;
				CLANG_WARN_EMPTY_BODY = YES;
				CLANG_WARN_ENUM_CONVERSION = YES;
				CLANG_WARN_INFINITE_RECURSION = YES;
				CLANG_WARN_INT_CONVERSION = YES;
				CLANG_WARN_NON_LITERAL_NULL_CONVERSION = YES;
				CLANG_WARN_OBJC_IMPLICIT_RETAIN_SELF = YES;
				CLANG_WARN_OBJC_LITERAL_CONVERSION = YES;
				CLANG_WARN_OBJC_ROOT_CLASS = YES_ERROR;
				CLANG_WARN_RANGE_LOOP_ANALYSIS = YES;
				CLANG_WARN_STRICT_PROTOTYPES = YES;
				CLANG_WARN_SUSPICIOUS_MOVE = YES;
				CLANG_WARN_UNGUARDED_AVAILABILITY = YES_AGGRESSIVE;
				CLANG_WARN_UNREACHABLE_CODE = YES;
				CLANG_WARN__DUPLICATE_METHOD_MATCH = YES;
				CODE_SIGN_IDENTITY = "iPhone Developer";
				COPY_PHASE_STRIP = NO;
				DEBUG_INFORMATION_FORMAT = "dwarf-with-dsym";
				ENABLE_NS_ASSERTIONS = NO;
				ENABLE_STRICT_OBJC_MSGSEND = YES;
				GCC_C_LANGUAGE_STANDARD = gnu11;
				GCC_NO_COMMON_BLOCKS = YES;
				GCC_WARN_64_TO_32_BIT_CONVERSION = YES;
				GCC_WARN_ABOUT_RETURN_TYPE = YES_ERROR;
				GCC_WARN_UNDECLARED_SELECTOR = YES;
				GCC_WARN_UNINITIALIZED_AUTOS = YES_AGGRESSIVE;
				GCC_WARN_UNUSED_FUNCTION = YES;
				GCC_WARN_UNUSED_VARIABLE = YES;
				IPHONEOS_DEPLOYMENT_TARGET = 12.2;
				MTL_ENABLE_DEBUG_INFO = NO;
				MTL_FAST_MATH = YES;
				SDKROOT = iphoneos;
				SWIFT_COMPILATION_MODE = wholemodule;
				SWIFT_OPTIMIZATION_LEVEL = "-O";
				VALIDATE_PRODUCT = YES;
			};
			name = Release;
		};
		1869BAEB22C26E4300F24998 /* Debug */ = {
			isa = XCBuildConfiguration;
			buildSettings = {
				ASSETCATALOG_COMPILER_APPICON_NAME = AppIcon;
				CODE_SIGN_STYLE = Automatic;
				DEVELOPMENT_TEAM = 9DWJ5VTB9V;
				INFOPLIST_FILE = view_finder_citlally/Info.plist;
				LD_RUNPATH_SEARCH_PATHS = (
					"$(inherited)",
					"@executable_path/Frameworks",
				);
				PRODUCT_BUNDLE_IDENTIFIER = "kwk.view-finder-citlally";
				PRODUCT_NAME = "$(TARGET_NAME)";
				SWIFT_VERSION = 5.0;
				TARGETED_DEVICE_FAMILY = "1,2";
			};
			name = Debug;
		};
		1869BAEC22C26E4300F24998 /* Release */ = {
			isa = XCBuildConfiguration;
			buildSettings = {
				ASSETCATALOG_COMPILER_APPICON_NAME = AppIcon;
				CODE_SIGN_STYLE = Automatic;
				DEVELOPMENT_TEAM = 9DWJ5VTB9V;
				INFOPLIST_FILE = view_finder_citlally/Info.plist;
				LD_RUNPATH_SEARCH_PATHS = (
					"$(inherited)",
					"@executable_path/Frameworks",
				);
				PRODUCT_BUNDLE_IDENTIFIER = "kwk.view-finder-citlally";
				PRODUCT_NAME = "$(TARGET_NAME)";
				SWIFT_VERSION = 5.0;
				TARGETED_DEVICE_FAMILY = "1,2";
			};
			name = Release;
		};
/* End XCBuildConfiguration section */

/* Begin XCConfigurationList section */
		1869BAD022C26E4100F24998 /* Build configuration list for PBXProject "view_finder_citlally" */ = {
			isa = XCConfigurationList;
			buildConfigurations = (
				1869BAE822C26E4300F24998 /* Debug */,
				1869BAE922C26E4300F24998 /* Release */,
			);
			defaultConfigurationIsVisible = 0;
			defaultConfigurationName = Release;
		};
		1869BAEA22C26E4300F24998 /* Build configuration list for PBXNativeTarget "view_finder_citlally" */ = {
			isa = XCConfigurationList;
			buildConfigurations = (
				1869BAEB22C26E4300F24998 /* Debug */,
				1869BAEC22C26E4300F24998 /* Release */,
			);
			defaultConfigurationIsVisible = 0;
			defaultConfigurationName = Release;
		};
/* End XCConfigurationList section */

/* Begin XCVersionGroup section */
		1869BADF22C26E4100F24998 /* view_finder_citlally.xcdatamodeld */ = {
			isa = XCVersionGroup;
			children = (
				1869BAE022C26E4100F24998 /* view_finder_citlally.xcdatamodel */,
			);
			currentVersion = 1869BAE022C26E4100F24998 /* view_finder_citlally.xcdatamodel */;
			path = view_finder_citlally.xcdatamodeld;
			sourceTree = "<group>";
			versionGroupType = wrapper.xcdatamodel;
		};
/* End XCVersionGroup section */
	};
	rootObject = 1869BACD22C26E4100F24998 /* Project object */;
}
